<?xml version="1.0" encoding="UTF-8" standalone="yes" ?>
<CodeBlocks_project_file>
	<FileVersion major="1" minor="6" />
	<Project>
		<Option title="Server" />
		<Option pch_mode="2" />
		<Option compiler="gcc" />
		<Build>
			<Target title="Debug">
				<Option output="bin/Debug/Server" prefix_auto="1" extension_auto="1" />
				<Option object_output="obj/Debug/" />
				<Option type="1" />
				<Option compiler="gnu_gcc_compiler_32bit" />
				<Compiler>
					<Add option="-std=c++11" />
					<Add option="-g" />
				</Compiler>
				<Linker>
					<Add library="C:/Program Files (x86)/CodeBlocks/MinGW/lib/libwsock32.a" />
					<Add library="C:/Program Files (x86)/CodeBlocks/MinGW/lib/libjson.a" />
				</Linker>
			</Target>
			<Target title="Release">
				<Option output="bin/Release/Server" prefix_auto="1" extension_auto="1" />
				<Option object_output="obj/Release/" />
				<Option type="1" />
				<Option compiler="gcc" />
				<Compiler>
					<Add option="-O2" />
					<Add option="-std=c++11" />
				</Compiler>
				<Linker>
					<Add option="-s" />
					<Add library="C:/Program Files (x86)/CodeBlocks/MinGW/lib/libwsock32.a" />
					<Add library="C:/Program Files (x86)/CodeBlocks/MinGW/lib/libjson.a" />
				</Linker>
			</Target>
			<Target title="libjson">
				<Option output="bin/libjson/SERVER" prefix_auto="1" extension_auto="1" />
				<Option working_dir="" />
				<Option object_output="obj/libjson/" />
				<Option type="2" />
				<Option compiler="gcc" />
				<Option createDefFile="1" />
				<Compiler>
					<Add option="-O2" />
				</Compiler>
				<Linker>
					<Add option="-s" />
				</Linker>
			</Target>
		</Build>
		<Compiler>
			<Add option="-Wall" />
			<Add option="-fexceptions" />
		</Compiler>
		<Unit filename="CLIENT.H" />
		<Unit filename="POINT.H" />
		<Unit filename="PosSecure.cpp" />
		<Unit filename="PosSecure.h" />
		<Unit filename="Protocol_Types.h" />
		<Unit filename="SOCKETS.h" />
		<Unit filename="client_func.cpp" />
		<Unit filename="client_func.h" />
		<Unit filename="closeclient.cpp" />
		<Unit filename="eraseimage.cpp" />
		<Unit filename="json/READJSON.CPP" />
		<Unit filename="judg-Skills.cpp" />
		<Unit filename="judg-Skills.h" />
		<Unit filename="main.cpp" />
		<Unit filename="param.h" />
		<Extensions>
			<code_completion />
			<envvars />
			<debugger />
			<lib_finder disable_auto="1" />
		</Extensions>
	</Project>
</CodeBlocks_project_file>
